
Microsoft Visual Studio Solution File, Format Version 12.00
# Visual Studio Version 16
VisualStudioVersion = 16.0.31025.194
MinimumVisualStudioVersion = 10.0.40219.1
Project("{E24C65DC-7377-472B-9ABA-BC803B73C61A}") = "ITD3333_Week12", "ITD3333_Week12\", "{E3543519-AD23-4B12-BFF2-9411DD43E021}"
	ProjectSection(WebsiteProperties) = preProject
		TargetFrameworkMoniker = ".NETFramework,Version%3Dv4.7.2"
		Debug.AspNetCompiler.VirtualPath = "/localhost_50918"
		Debug.AspNetCompiler.PhysicalPath = "ITD3333_Week12\"
		Debug.AspNetCompiler.TargetPath = "PrecompiledWeb\localhost_50918\"
		Debug.AspNetCompiler.Updateable = "true"
		Debug.AspNetCompiler.ForceOverwrite = "true"
		Debug.AspNetCompiler.FixedNames = "false"
		Debug.AspNetCompiler.Debug = "True"
		Release.AspNetCompiler.VirtualPath = "/localhost_50918"
		Release.AspNetCompiler.PhysicalPath = "ITD3333_Week12\"
		Release.AspNetCompiler.TargetPath = "PrecompiledWeb\localhost_50918\"
		Release.AspNetCompiler.Updateable = "true"
		Release.AspNetCompiler.ForceOverwrite = "true"
		Release.AspNetCompiler.FixedNames = "false"
		Release.AspNetCompiler.Debug = "False"
		VWDPort = "50918"
		SlnRelativePath = "ITD3333_Week12\"
		DefaultWebSiteLanguage = "Visual C#"
	EndProjectSection
EndProject
Global
	GlobalSection(SolutionConfigurationPlatforms) = preSolution
		Debug|Any CPU = Debug|Any CPU
	EndGlobalSection
	GlobalSection(ProjectConfigurationPlatforms) = postSolution
		{E3543519-AD23-4B12-BFF2-9411DD43E021}.Debug|Any CPU.ActiveCfg = Debug|Any CPU
		{E3543519-AD23-4B12-BFF2-9411DD43E021}.Debug|Any CPU.Build.0 = Debug|Any CPU
	EndGlobalSection
	GlobalSection(SolutionProperties) = preSolution
		HideSolutionNode = FALSE
	EndGlobalSection
	GlobalSection(ExtensibilityGlobals) = postSolution
		SolutionGuid = {157DA3B6-19EE-4CD5-B2EF-3FA99AC4950E}
	EndGlobalSection
EndGlobal
